// !$*UTF8*$!
{
	archiveVersion = 1;
	classes = {
	};
	objectVersion = 46;
	objects = {

/* Begin PBXBuildFile section */
		04C10C3A1B79C214009DA1C4 /* main.m in Sources */ = {isa = PBXBuildFile; fileRef = 04C10C391B79C214009DA1C4 /* main.m */; };
		04C10C3D1B79C214009DA1C4 /* AppDelegate.m in Sources */ = {isa = PBXBuildFile; fileRef = 04C10C3C1B79C214009DA1C4 /* AppDelegate.m */; };
		04C10C401B79C214009DA1C4 /* ViewController.m in Sources */ = {isa = PBXBuildFile; fileRef = 04C10C3F1B79C214009DA1C4 /* ViewController.m */; };
		04C10C431B79C214009DA1C4 /* Main.storyboard in Resources */ = {isa = PBXBuildFile; fileRef = 04C10C411B79C214009DA1C4 /* Main.storyboard */; };
		04C10C451B79C214009DA1C4 /* Images.xcassets in Resources */ = {isa = PBXBuildFile; fileRef = 04C10C441B79C214009DA1C4 /* Images.xcassets */; };
		04C10C481B79C214009DA1C4 /* LaunchScreen.xib in Resources */ = {isa = PBXBuildFile; fileRef = 04C10C461B79C214009DA1C4 /* LaunchScreen.xib */; };
		04C10C541B79C214009DA1C4 /* ProspectsTests.m in Sources */ = {isa = PBXBuildFile; fileRef = 04C10C531B79C214009DA1C4 /* ProspectsTests.m */; };
/* End PBXBuildFile section */

/* Begin PBXContainerItemProxy section */
		04C10C4E1B79C214009DA1C4 /* PBXContainerItemProxy */ = {
			isa = PBXContainerItemProxy;
			containerPortal = 04C10C2C1B79C214009DA1C4 /* Project object */;
			proxyType = 1;
			remoteGlobalIDString = 04C10C331B79C214009DA1C4;
			remoteInfo = Prospects;
		};
/* End PBXContainerItemProxy section */

/* Begin PBXFileReference section */
		04C10C341B79C214009DA1C4 /* Prospects.app */ = {isa = PBXFileReference; explicitFileType = wrapper.application; includeInIndex = 0; path = Prospects.app; sourceTree = BUILT_PRODUCTS_DIR; };
		04C10C381B79C214009DA1C4 /* Info.plist */ = {isa = PBXFileReference; lastKnownFileType = text.plist.xml; path = Info.plist; sourceTree = "<group>"; };
		04C10C391B79C214009DA1C4 /* main.m */ = {isa = PBXFileReference; lastKnownFileType = sourcecode.c.objc; path = main.m; sourceTree = "<group>"; };
		04C10C3B1B79C214009DA1C4 /* AppDelegate.h */ = {isa = PBXFileReference; lastKnownFileType = sourcecode.c.h; path = AppDelegate.h; sourceTree = "<group>"; };
		04C10C3C1B79C214009DA1C4 /* AppDelegate.m */ = {isa = PBXFileReference; lastKnownFileType = sourcecode.c.objc; path = AppDelegate.m; sourceTree = "<group>"; };
		04C10C3E1B79C214009DA1C4 /* ViewController.h */ = {isa = PBXFileReference; lastKnownFileType = sourcecode.c.h; path = ViewController.h; sourceTree = "<group>"; };
		04C10C3F1B79C214009DA1C4 /* ViewController.m */ = {isa = PBXFileReference; lastKnownFileType = sourcecode.c.objc; path = ViewController.m; sourceTree = "<group>"; };
		04C10C421B79C214009DA1C4 /* Base */ = {isa = PBXFileReference; lastKnownFileType = file.storyboard; name = Base; path = Base.lproj/Main.storyboard; sourceTree = "<group>"; };
		04C10C441B79C214009DA1C4 /* Images.xcassets */ = {isa = PBXFileReference; lastKnownFileType = folder.assetcatalog; path = Images.xcassets; sourceTree = "<group>"; };
		04C10C471B79C214009DA1C4 /* Base */ = {isa = PBXFileReference; lastKnownFileType = file.xib; name = Base; path = Base.lproj/LaunchScreen.xib; sourceTree = "<group>"; };
		04C10C4D1B79C214009DA1C4 /* ProspectsTests.xctest */ = {isa = PBXFileReference; explicitFileType = wrapper.cfbundle; includeInIndex = 0; path = ProspectsTests.xctest; sourceTree = BUILT_PRODUCTS_DIR; };
		04C10C521B79C214009DA1C4 /* Info.plist */ = {isa = PBXFileReference; lastKnownFileType = text.plist.xml; path = Info.plist; sourceTree = "<group>"; };
		04C10C531B79C214009DA1C4 /* ProspectsTests.m */ = {isa = PBXFileReference; lastKnownFileType = sourcecode.c.objc; path = ProspectsTests.m; sourceTree = "<group>"; };
/* End PBXFileReference section */

/* Begin PBXFrameworksBuildPhase section */
		04C10C311B79C214009DA1C4 /* Frameworks */ = {
			isa = PBXFrameworksBuildPhase;
			buildActionMask = 2147483647;
			files = (
			);
			runOnlyForDeploymentPostprocessing = 0;
		};
		04C10C4A1B79C214009DA1C4 /* Frameworks */ = {
			isa = PBXFrameworksBuildPhase;
			buildActionMask = 2147483647;
			files = (
			);
			runOnlyForDeploymentPostprocessing = 0;
		};
/* End PBXFrameworksBuildPhase section */

/* Begin PBXGroup section */
		04C10C2B1B79C214009DA1C4 = {
			isa = PBXGroup;
			children = (
				04C10C361B79C214009DA1C4 /* Prospects */,
				04C10C501B79C214009DA1C4 /* ProspectsTests */,
				04C10C351B79C214009DA1C4 /* Products */,
			);
			sourceTree = "<group>";
		};
		04C10C351B79C214009DA1C4 /* Products */ = {
			isa = PBXGroup;
			children = (
				04C10C341B79C214009DA1C4 /* Prospects.app */,
				04C10C4D1B79C214009DA1C4 /* ProspectsTests.xctest */,
			);
			name = Products;
			sourceTree = "<group>";
		};
		04C10C361B79C214009DA1C4 /* Prospects */ = {
			isa = PBXGroup;
			children = (
				04C10C3B1B79C214009DA1C4 /* AppDelegate.h */,
				04C10C3C1B79C214009DA1C4 /* AppDelegate.m */,
				04C10C3E1B79C214009DA1C4 /* ViewController.h */,
				04C10C3F1B79C214009DA1C4 /* ViewController.m */,
				04C10C411B79C214009DA1C4 /* Main.storyboard */,
				04C10C441B79C214009DA1C4 /* Images.xcassets */,
				04C10C461B79C214009DA1C4 /* LaunchScreen.xib */,
				04C10C371B79C214009DA1C4 /* Supporting Files */,
			);
			path = Prospects;
			sourceTree = "<group>";
		};
		04C10C371B79C214009DA1C4 /* Supporting Files */ = {
			isa = PBXGroup;
			children = (
				04C10C381B79C214009DA1C4 /* Info.plist */,
				04C10C391B79C214009DA1C4 /* main.m */,
			);
			name = "Supporting Files";
			sourceTree = "<group>";
		};
		04C10C501B79C214009DA1C4 /* ProspectsTests */ = {
			isa = PBXGroup;
			children = (
				04C10C531B79C214009DA1C4 /* ProspectsTests.m */,
				04C10C511B79C214009DA1C4 /* Supporting Files */,
			);
			path = ProspectsTests;
			sourceTree = "<group>";
		};
		04C10C511B79C214009DA1C4 /* Supporting Files */ = {
			isa = PBXGroup;
			children = (
				04C10C521B79C214009DA1C4 /* Info.plist */,
			);
			name = "Supporting Files";
			sourceTree = "<group>";
		};
/* End PBXGroup section */

/* Begin PBXNativeTarget section */
		04C10C331B79C214009DA1C4 /* Prospects */ = {
			isa = PBXNativeTarget;
			buildConfigurationList = 04C10C571B79C214009DA1C4 /* Build configuration list for PBXNativeTarget "Prospects" */;
			buildPhases = (
				04C10C301B79C214009DA1C4 /* Sources */,
				04C10C311B79C214009DA1C4 /* Frameworks */,
				04C10C321B79C214009DA1C4 /* Resources */,
			);
			buildRules = (
			);
			dependencies = (
			);
			name = Prospects;
			productName = Prospects;
			productReference = 04C10C341B79C214009DA1C4 /* Prospects.app */;
			productType = "com.apple.product-type.application";
		};
		04C10C4C1B79C214009DA1C4 /* ProspectsTests */ = {
			isa = PBXNativeTarget;
			buildConfigurationList = 04C10C5A1B79C214009DA1C4 /* Build configuration list for PBXNativeTarget "ProspectsTests" */;
			buildPhases = (
				04C10C491B79C214009DA1C4 /* Sources */,
				04C10C4A1B79C214009DA1C4 /* Frameworks */,
				04C10C4B1B79C214009DA1C4 /* Resources */,
			);
			buildRules = (
			);
			dependencies = (
				04C10C4F1B79C214009DA1C4 /* PBXTargetDependency */,
			);
			name = ProspectsTests;
			productName = ProspectsTests;
			productReference = 04C10C4D1B79C214009DA1C4 /* ProspectsTests.xctest */;
			productType = "com.apple.product-type.bundle.unit-test";
		};
/* End PBXNativeTarget section */

/* Begin PBXProject section */
		04C10C2C1B79C214009DA1C4 /* Project object */ = {
			isa = PBXProject;
			attributes = {
				LastUpgradeCheck = 0640;
				ORGANIZATIONNAME = "Colter Smith";
				TargetAttributes = {
					04C10C331B79C214009DA1C4 = {
						CreatedOnToolsVersion = 6.4;
					};
					04C10C4C1B79C214009DA1C4 = {
						CreatedOnToolsVersion = 6.4;
						TestTargetID = 04C10C331B79C214009DA1C4;
					};
				};
			};
			buildConfigurationList = 04C10C2F1B79C214009DA1C4 /* Build configuration list for PBXProject "Prospects" */;
			compatibilityVersion = "Xcode 3.2";
			developmentRegion = English;
			hasScannedForEncodings = 0;
			knownRegions = (
				en,
				Base,
			);
			mainGroup = 04C10C2B1B79C214009DA1C4;
			productRefGroup = 04C10C351B79C214009DA1C4 /* Products */;
			projectDirPath = "";
			projectRoot = "";
			targets = (
				04C10C331B79C214009DA1C4 /* Prospects */,
				04C10C4C1B79C214009DA1C4 /* ProspectsTests */,
			);
		};
/* End PBXProject section */

/* Begin PBXResourcesBuildPhase section */
		04C10C321B79C214009DA1C4 /* Resources */ = {
			isa = PBXResourcesBuildPhase;
			buildActionMask = 2147483647;
			files = (
				04C10C431B79C214009DA1C4 /* Main.storyboard in Resources */,
				04C10C481B79C214009DA1C4 /* LaunchScreen.xib in Resources */,
				04C10C451B79C214009DA1C4 /* Images.xcassets in Resources */,
			);
			runOnlyForDeploymentPostprocessing = 0;
		};
		04C10C4B1B79C214009DA1C4 /* Resources */ = {
			isa = PBXResourcesBuildPhase;
			buildActionMask = 2147483647;
			files = (
			);
			runOnlyForDeploymentPostprocessing = 0;
		};
/* End PBXResourcesBuildPhase section */

/* Begin PBXSourcesBuildPhase section */
		04C10C301B79C214009DA1C4 /* Sources */ = {
			isa = PBXSourcesBuildPhase;
			buildActionMask = 2147483647;
			files = (
				04C10C401B79C214009DA1C4 /* ViewController.m in Sources */,
				04C10C3D1B79C214009DA1C4 /* AppDelegate.m in Sources */,
				04C10C3A1B79C214009DA1C4 /* main.m in Sources */,
			);
			runOnlyForDeploymentPostprocessing = 0;
		};
		04C10C491B79C214009DA1C4 /* Sources */ = {
			isa = PBXSourcesBuildPhase;
			buildActionMask = 2147483647;
			files = (
				04C10C541B79C214009DA1C4 /* ProspectsTests.m in Sources */,
			);
			runOnlyForDeploymentPostprocessing = 0;
		};
/* End PBXSourcesBuildPhase section */

/* Begin PBXTargetDependency section */
		04C10C4F1B79C214009DA1C4 /* PBXTargetDependency */ = {
			isa = PBXTargetDependency;
			target = 04C10C331B79C214009DA1C4 /* Prospects */;
			targetProxy = 04C10C4E1B79C214009DA1C4 /* PBXContainerItemProxy */;
		};
/* End PBXTargetDependency section */

/* Begin PBXVariantGroup section */
		04C10C411B79C214009DA1C4 /* Main.storyboard */ = {
			isa = PBXVariantGroup;
			children = (
				04C10C421B79C214009DA1C4 /* Base */,
			);
			name = Main.storyboard;
			sourceTree = "<group>";
		};
		04C10C461B79C214009DA1C4 /* LaunchScreen.xib */ = {
			isa = PBXVariantGroup;
			children = (
				04C10C471B79C214009DA1C4 /* Base */,
			);
			name = LaunchScreen.xib;
			sourceTree = "<group>";
		};
/* End PBXVariantGroup section */

/* Begin XCBuildConfiguration section */
		04C10C551B79C214009DA1C4 /* Debug */ = {
			isa = XCBuildConfiguration;
			buildSettings = {
				ALWAYS_SEARCH_USER_PATHS = NO;
				CLANG_CXX_LANGUAGE_STANDARD = "gnu++0x";
				CLANG_CXX_LIBRARY = "libc++";
				CLANG_ENABLE_MODULES = YES;
				CLANG_ENABLE_OBJC_ARC = YES;
				CLANG_WARN_BOOL_CONVERSION = YES;
				CLANG_WARN_CONSTANT_CONVERSION = YES;
				CLANG_WARN_DIRECT_OBJC_ISA_USAGE = YES_ERROR;
				CLANG_WARN_EMPTY_BODY = YES;
				CLANG_WARN_ENUM_CONVERSION = YES;
				CLANG_WARN_INT_CONVERSION = YES;
				CLANG_WARN_OBJC_ROOT_CLASS = YES_ERROR;
				CLANG_WARN_UNREACHABLE_CODE = YES;
				CLANG_WARN__DUPLICATE_METHOD_MATCH = YES;
				"CODE_SIGN_IDENTITY[sdk=iphoneos*]" = "iPhone Developer";
				COPY_PHASE_STRIP = NO;
				DEBUG_INFORMATION_FORMAT = "dwarf-with-dsym";
				ENABLE_STRICT_OBJC_MSGSEND = YES;
				GCC_C_LANGUAGE_STANDARD = gnu99;
				GCC_DYNAMIC_NO_PIC = NO;
				GCC_NO_COMMON_BLOCKS = YES;
				GCC_OPTIMIZATION_LEVEL = 0;
				GCC_PREPROCESSOR_DEFINITIONS = (
					"DEBUG=1",
					"$(inherited)",
				);
				GCC_SYMBOLS_PRIVATE_EXTERN = NO;
				GCC_WARN_64_TO_32_BIT_CONVERSION = YES;
				GCC_WARN_ABOUT_RETURN_TYPE = YES_ERROR;
				GCC_WARN_UNDECLARED_SELECTOR = YES;
				GCC_WARN_UNINITIALIZED_AUTOS = YES_AGGRESSIVE;
				GCC_WARN_UNUSED_FUNCTION = YES;
				GCC_WARN_UNUSED_VARIABLE = YES;
				IPHONEOS_DEPLOYMENT_TARGET = 8.4;
				MTL_ENABLE_DEBUG_INFO = YES;
				ONLY_ACTIVE_ARCH = YES;
				SDKROOT = iphoneos;
				TARGETED_DEVICE_FAMILY = "1,2";
			};
			name = Debug;
		};
		04C10C561B79C214009DA1C4 /* Release */ = {
			isa = XCBuildConfiguration;
			buildSettings = {
				ALWAYS_SEARCH_USER_PATHS = NO;
				CLANG_CXX_LANGUAGE_STANDARD = "gnu++0x";
				CLANG_CXX_LIBRARY = "libc++";
				CLANG_ENABLE_MODULES = YES;
				CLANG_ENABLE_OBJC_ARC = YES;
				CLANG_WARN_BOOL_CONVERSION = YES;
				CLANG_WARN_CONSTANT_CONVERSION = YES;
				CLANG_WARN_DIRECT_OBJC_ISA_USAGE = YES_ERROR;
				CLANG_WARN_EMPTY_BODY = YES;
				CLANG_WARN_ENUM_CONVERSION = YES;
				CLANG_WARN_INT_CONVERSION = YES;
				CLANG_WARN_OBJC_ROOT_CLASS = YES_ERROR;
				CLANG_WARN_UNREACHABLE_CODE = YES;
				CLANG_WARN__DUPLICATE_METHOD_MATCH = YES;
				"CODE_SIGN_IDENTITY[sdk=iphoneos*]" = "iPhone Developer";
				COPY_PHASE_STRIP = NO;
				DEBUG_INFORMATION_FORMAT = "dwarf-with-dsym";
				ENABLE_NS_ASSERTIONS = NO;
				ENABLE_STRICT_OBJC_MSGSEND = YES;
				GCC_C_LANGUAGE_STANDARD = gnu99;
				GCC_NO_COMMON_BLOCKS = YES;
				GCC_WARN_64_TO_32_BIT_CONVERSION = YES;
				GCC_WARN_ABOUT_RETURN_TYPE = YES_ERROR;
				GCC_WARN_UNDECLARED_SELECTOR = YES;
				GCC_WARN_UNINITIALIZED_AUTOS = YES_AGGRESSIVE;
				GCC_WARN_UNUSED_FUNCTION = YES;
				GCC_WARN_UNUSED_VARIABLE = YES;
				IPHONEOS_DEPLOYMENT_TARGET = 8.4;
				MTL_ENABLE_DEBUG_INFO = NO;
				SDKROOT = iphoneos;
				TARGETED_DEVICE_FAMILY = "1,2";
				VALIDATE_PRODUCT = YES;
			};
			name = Release;
		};
		04C10C581B79C214009DA1C4 /* Debug */ = {
			isa = XCBuildConfiguration;
			buildSettings = {
				ASSETCATALOG_COMPILER_APPICON_NAME = AppIcon;
				INFOPLIST_FILE = Prospects/Info.plist;
				LD_RUNPATH_SEARCH_PATHS = "$(inherited) @executable_path/Frameworks";
				PRODUCT_NAME = "$(TARGET_NAME)";
			};
			name = Debug;
		};
		04C10C591B79C214009DA1C4 /* Release */ = {
			isa = XCBuildConfiguration;
			buildSettings = {
				ASSETCATALOG_COMPILER_APPICON_NAME = AppIcon;
				INFOPLIST_FILE = Prospects/Info.plist;
				LD_RUNPATH_SEARCH_PATHS = "$(inherited) @executable_path/Frameworks";
				PRODUCT_NAME = "$(TARGET_NAME)";
			};
			name = Release;
		};
		04C10C5B1B79C214009DA1C4 /* Debug */ = {
			isa = XCBuildConfiguration;
			buildSettings = {
				BUNDLE_LOADER = "$(TEST_HOST)";
				FRAMEWORK_SEARCH_PATHS = (
					"$(SDKROOT)/Developer/Library/Frameworks",
					"$(inherited)",
				);
				GCC_PREPROCESSOR_DEFINITIONS = (
					"DEBUG=1",
					"$(inherited)",
				);
				INFOPLIST_FILE = ProspectsTests/Info.plist;
				LD_RUNPATH_SEARCH_PATHS = "$(inherited) @executable_path/Frameworks @loader_path/Frameworks";
				PRODUCT_NAME = "$(TARGET_NAME)";
				TEST_HOST = "$(BUILT_PRODUCTS_DIR)/Prospects.app/Prospects";
			};
			name = Debug;
		};
		04C10C5C1B79C214009DA1C4 /* Release */ = {
			isa = XCBuildConfiguration;
			buildSettings = {
				BUNDLE_LOADER = "$(TEST_HOST)";
				FRAMEWORK_SEARCH_PATHS = (
					"$(SDKROOT)/Developer/Library/Frameworks",
					"$(inherited)",
				);
				INFOPLIST_FILE = ProspectsTests/Info.plist;
				LD_RUNPATH_SEARCH_PATHS = "$(inherited) @executable_path/Frameworks @loader_path/Frameworks";
				PRODUCT_NAME = "$(TARGET_NAME)";
				TEST_HOST = "$(BUILT_PRODUCTS_DIR)/Prospects.app/Prospects";
			};
			name = Release;
		};
/* End XCBuildConfiguration section */

/* Begin XCConfigurationList section */
		04C10C2F1B79C214009DA1C4 /* Build configuration list for PBXProject "Prospects" */ = {
			isa = XCConfigurationList;
			buildConfigurations = (
				04C10C551B79C214009DA1C4 /* Debug */,
				04C10C561B79C214009DA1C4 /* Release */,
			);
			defaultConfigurationIsVisible = 0;
			defaultConfigurationName = Release;
		};
		04C10C571B79C214009DA1C4 /* Build configuration list for PBXNativeTarget "Prospects" */ = {
			isa = XCConfigurationList;
			buildConfigurations = (
				04C10C581B79C214009DA1C4 /* Debug */,
				04C10C591B79C214009DA1C4 /* Release */,
			);
			defaultConfigurationIsVisible = 0;
		};
		04C10C5A1B79C214009DA1C4 /* Build configuration list for PBXNativeTarget "ProspectsTests" */ = {
			isa = XCConfigurationList;
			buildConfigurations = (
				04C10C5B1B79C214009DA1C4 /* Debug */,
				04C10C5C1B79C214009DA1C4 /* Release */,
			);
			defaultConfigurationIsVisible = 0;
		};
/* End XCConfigurationList section */
	};
	rootObject = 04C10C2C1B79C214009DA1C4 /* Project object */;
}
